{
  "name": "01-basics",
  "version": "1.0.0",
  "lockfileVersion": 1,
  "requires": true,
  "dependencies": {
    "textures": {
      "version": "1.2.2",
      "resolved": "https://registry.npmjs.org/textures/-/textures-1.2.2.tgz",
      "integrity": "sha512-63am9YrmonsT8xEaO4/jZMD3DH5g02MsB7JArzmPuJ2HAFq5L9cq5foquRf5QAqPIn/w2PJAFX/iRZDbvk9JBw=="
    },
    "three": {
      "version": "0.112.1",
      "resolved": "https://registry.npmjs.org/three/-/three-0.112.1.tgz",
      "integrity": "sha512-8I0O74hiYtKl3LgDNcPJbBGOlpekbcJ6fJnImmW3mFdeUFJ2H9Y3/UuUSW2sBdjrIlCM0gvOkaTEFlofO900TQ==",
      "dev": true
    }
  }
}
